
Microsoft Visual Studio Solution File, Format Version 11.00
# Visual Studio 2010
Project("{8BC9CEB8-8B4A-11D0-8D11-00A0C91BC942}") = "Expt_1_3", "Expt_1_3\Expt_1_3.vcxproj", "{596F3373-E530-42D4-A3CD-A8F3DE58111D}"
EndProject
Global
	GlobalSection(SolutionConfigurationPlatforms) = preSolution
		Debug|Win32 = Debug|Win32
		Release|Win32 = Release|Win32
	EndGlobalSection
	GlobalSection(ProjectConfigurationPlatforms) = postSolution
		{596F3373-E530-42D4-A3CD-A8F3DE58111D}.Debug|Win32.ActiveCfg = Debug|Win32
		{596F3373-E530-42D4-A3CD-A8F3DE58111D}.Debug|Win32.Build.0 = Debug|Win32
		{596F3373-E530-42D4-A3CD-A8F3DE58111D}.Release|Win32.ActiveCfg = Release|Win32
		{596F3373-E530-42D4-A3CD-A8F3DE58111D}.Release|Win32.Build.0 = Release|Win32
	EndGlobalSection
	GlobalSection(SolutionProperties) = preSolution
		HideSolutionNode = FALSE
	EndGlobalSection
EndGlobal
